
Microsoft Visual Studio Solution File, Format Version 12.00
# Visual Studio Version 17
VisualStudioVersion = 17.11.35327.3
MinimumVisualStudioVersion = 10.0.40219.1
Project("{9A19103F-16F7-4668-BE54-9A1E7A4F7556}") = "DependencyInjection.Console", "DependencyInjection.Console\DependencyInjection.Console.csproj", "{941018D1-B018-4921-B2CC-93536327CC2F}"
EndProject
Global
	GlobalSection(SolutionConfigurationPlatforms) = preSolution
		Debug|Any CPU = Debug|Any CPU
		Release|Any CPU = Release|Any CPU
	EndGlobalSection
	GlobalSection(ProjectConfigurationPlatforms) = postSolution
		{941018D1-B018-4921-B2CC-93536327CC2F}.Debug|Any CPU.ActiveCfg = Debug|Any CPU
		{941018D1-B018-4921-B2CC-93536327CC2F}.Debug|Any CPU.Build.0 = Debug|Any CPU
		{941018D1-B018-4921-B2CC-93536327CC2F}.Release|Any CPU.ActiveCfg = Release|Any CPU
		{941018D1-B018-4921-B2CC-93536327CC2F}.Release|Any CPU.Build.0 = Release|Any CPU
	EndGlobalSection
	GlobalSection(SolutionProperties) = preSolution
		HideSolutionNode = FALSE
	EndGlobalSection
	GlobalSection(ExtensibilityGlobals) = postSolution
		SolutionGuid = {C083AE89-0BAA-4081-BCB4-EAB669F1DBAC}
	EndGlobalSection
EndGlobal
