
Microsoft Visual Studio Solution File, Format Version 12.00
# Visual Studio Version 17
VisualStudioVersion = 17.0.31903.59
MinimumVisualStudioVersion = 10.0.40219.1
Project("{2150E333-8FDC-42A3-9474-1A3956D46DE8}") = "src", "src", "{3BBA715D-CFD2-4844-BAAC-EC1D68725D08}"
EndProject
Project("{9A19103F-16F7-4668-BE54-9A1E7A4F7556}") = "DesignPatterns", "src\DesignPatterns\DesignPatterns.csproj", "{E2AEC9B0-86D7-4FCD-877C-5EB57E9376C4}"
EndProject
Project("{9A19103F-16F7-4668-BE54-9A1E7A4F7556}") = "DesignPatterns.Decorator.Website", "src\DesignPatterns.Website\DesignPatterns.Decorator.Website.csproj", "{7E8FEB88-BCC0-4761-BE7F-5FD916EB3687}"
EndProject
Global
	GlobalSection(SolutionConfigurationPlatforms) = preSolution
		Debug|Any CPU = Debug|Any CPU
		Release|Any CPU = Release|Any CPU
	EndGlobalSection
	GlobalSection(ProjectConfigurationPlatforms) = postSolution
		{E2AEC9B0-86D7-4FCD-877C-5EB57E9376C4}.Debug|Any CPU.ActiveCfg = Debug|Any CPU
		{E2AEC9B0-86D7-4FCD-877C-5EB57E9376C4}.Debug|Any CPU.Build.0 = Debug|Any CPU
		{E2AEC9B0-86D7-4FCD-877C-5EB57E9376C4}.Release|Any CPU.ActiveCfg = Release|Any CPU
		{E2AEC9B0-86D7-4FCD-877C-5EB57E9376C4}.Release|Any CPU.Build.0 = Release|Any CPU
		{7E8FEB88-BCC0-4761-BE7F-5FD916EB3687}.Debug|Any CPU.ActiveCfg = Debug|Any CPU
		{7E8FEB88-BCC0-4761-BE7F-5FD916EB3687}.Debug|Any CPU.Build.0 = Debug|Any CPU
		{7E8FEB88-BCC0-4761-BE7F-5FD916EB3687}.Release|Any CPU.ActiveCfg = Release|Any CPU
		{7E8FEB88-BCC0-4761-BE7F-5FD916EB3687}.Release|Any CPU.Build.0 = Release|Any CPU
	EndGlobalSection
	GlobalSection(SolutionProperties) = preSolution
		HideSolutionNode = FALSE
	EndGlobalSection
	GlobalSection(NestedProjects) = preSolution
		{E2AEC9B0-86D7-4FCD-877C-5EB57E9376C4} = {3BBA715D-CFD2-4844-BAAC-EC1D68725D08}
		{7E8FEB88-BCC0-4761-BE7F-5FD916EB3687} = {3BBA715D-CFD2-4844-BAAC-EC1D68725D08}
	EndGlobalSection
	GlobalSection(ExtensibilityGlobals) = postSolution
		SolutionGuid = {BFC35C03-FBDD-442C-BA3C-671A31E2441E}
	EndGlobalSection
EndGlobal
